
Microsoft Visual Studio Solution File, Format Version 9.00
# Visual Studio 2005
Project("{FAE04EC0-301F-11D3-BF4B-00C04F79EFBC}") = "RedCode", "RedCode\RedCode.csproj", "{34EFF84C-F16E-45A3-B40E-6EFB9978608F}"
EndProject
Project("{FAE04EC0-301F-11D3-BF4B-00C04F79EFBC}") = "Parser", "Parser\Parser.csproj", "{DD04BC83-CC0A-4F52-A70B-FDB4C0991E3D}"
EndProject
Project("{FAE04EC0-301F-11D3-BF4B-00C04F79EFBC}") = "Starter", "Starter\Starter.csproj", "{D19C8C49-5BE3-47B8-8C2C-7D8415134438}"
EndProject
Project("{FAE04EC0-301F-11D3-BF4B-00C04F79EFBC}") = "SimpleEngine", "SimpleEngine\SimpleEngine.csproj", "{8C680360-97C6-475A-B047-D9E52348990C}"
EndProject
Project("{FAE04EC0-301F-11D3-BF4B-00C04F79EFBC}") = "Parser.Test", "Parser.Test\Parser.Test.csproj", "{FA9132A5-6063-4269-89ED-5A5E8D57A7B8}"
EndProject
Project("{FAE04EC0-301F-11D3-BF4B-00C04F79EFBC}") = "Parser.Pmars", "Parser.Pmars\Parser.Pmars.csproj", "{9501D4F8-0878-462E-B3FB-190A7D6ED4DB}"
EndProject
Project("{8BC9CEB8-8B4A-11D0-8D11-00A0C91BC942}") = "pMars.Wrapper", "..\pMars\pMars.Wrapper.vcproj", "{1AE7A917-0AF1-4054-B4EC-6B89C2BF38F6}"
	ProjectSection(ProjectDependencies) = postProject
		{34EFF84C-F16E-45A3-B40E-6EFB9978608F} = {34EFF84C-F16E-45A3-B40E-6EFB9978608F}
	EndProjectSection
EndProject
Global
	GlobalSection(SolutionConfigurationPlatforms) = preSolution
		Debug|Any CPU = Debug|Any CPU
		Debug|Mixed Platforms = Debug|Mixed Platforms
		Debug|Win32 = Debug|Win32
		Release|Any CPU = Release|Any CPU
		Release|Mixed Platforms = Release|Mixed Platforms
		Release|Win32 = Release|Win32
	EndGlobalSection
	GlobalSection(ProjectConfigurationPlatforms) = postSolution
		{34EFF84C-F16E-45A3-B40E-6EFB9978608F}.Debug|Any CPU.ActiveCfg = Debug|Any CPU
		{34EFF84C-F16E-45A3-B40E-6EFB9978608F}.Debug|Any CPU.Build.0 = Debug|Any CPU
		{34EFF84C-F16E-45A3-B40E-6EFB9978608F}.Debug|Mixed Platforms.ActiveCfg = Debug|Any CPU
		{34EFF84C-F16E-45A3-B40E-6EFB9978608F}.Debug|Mixed Platforms.Build.0 = Debug|Any CPU
		{34EFF84C-F16E-45A3-B40E-6EFB9978608F}.Debug|Win32.ActiveCfg = Debug|Any CPU
		{34EFF84C-F16E-45A3-B40E-6EFB9978608F}.Release|Any CPU.ActiveCfg = Release|Any CPU
		{34EFF84C-F16E-45A3-B40E-6EFB9978608F}.Release|Any CPU.Build.0 = Release|Any CPU
		{34EFF84C-F16E-45A3-B40E-6EFB9978608F}.Release|Mixed Platforms.ActiveCfg = Release|Any CPU
		{34EFF84C-F16E-45A3-B40E-6EFB9978608F}.Release|Mixed Platforms.Build.0 = Release|Any CPU
		{34EFF84C-F16E-45A3-B40E-6EFB9978608F}.Release|Win32.ActiveCfg = Release|Any CPU
		{DD04BC83-CC0A-4F52-A70B-FDB4C0991E3D}.Debug|Any CPU.ActiveCfg = Debug|Any CPU
		{DD04BC83-CC0A-4F52-A70B-FDB4C0991E3D}.Debug|Any CPU.Build.0 = Debug|Any CPU
		{DD04BC83-CC0A-4F52-A70B-FDB4C0991E3D}.Debug|Mixed Platforms.ActiveCfg = Debug|Any CPU
		{DD04BC83-CC0A-4F52-A70B-FDB4C0991E3D}.Debug|Mixed Platforms.Build.0 = Debug|Any CPU
		{DD04BC83-CC0A-4F52-A70B-FDB4C0991E3D}.Debug|Win32.ActiveCfg = Debug|Any CPU
		{DD04BC83-CC0A-4F52-A70B-FDB4C0991E3D}.Release|Any CPU.ActiveCfg = Release|Any CPU
		{DD04BC83-CC0A-4F52-A70B-FDB4C0991E3D}.Release|Any CPU.Build.0 = Release|Any CPU
		{DD04BC83-CC0A-4F52-A70B-FDB4C0991E3D}.Release|Mixed Platforms.ActiveCfg = Release|Any CPU
		{DD04BC83-CC0A-4F52-A70B-FDB4C0991E3D}.Release|Mixed Platforms.Build.0 = Release|Any CPU
		{DD04BC83-CC0A-4F52-A70B-FDB4C0991E3D}.Release|Win32.ActiveCfg = Release|Any CPU
		{D19C8C49-5BE3-47B8-8C2C-7D8415134438}.Debug|Any CPU.ActiveCfg = Debug|Any CPU
		{D19C8C49-5BE3-47B8-8C2C-7D8415134438}.Debug|Any CPU.Build.0 = Debug|Any CPU
		{D19C8C49-5BE3-47B8-8C2C-7D8415134438}.Debug|Mixed Platforms.ActiveCfg = Debug|Any CPU
		{D19C8C49-5BE3-47B8-8C2C-7D8415134438}.Debug|Mixed Platforms.Build.0 = Debug|Any CPU
		{D19C8C49-5BE3-47B8-8C2C-7D8415134438}.Debug|Win32.ActiveCfg = Debug|Any CPU
		{D19C8C49-5BE3-47B8-8C2C-7D8415134438}.Release|Any CPU.ActiveCfg = Release|Any CPU
		{D19C8C49-5BE3-47B8-8C2C-7D8415134438}.Release|Any CPU.Build.0 = Release|Any CPU
		{D19C8C49-5BE3-47B8-8C2C-7D8415134438}.Release|Mixed Platforms.ActiveCfg = Release|Any CPU
		{D19C8C49-5BE3-47B8-8C2C-7D8415134438}.Release|Mixed Platforms.Build.0 = Release|Any CPU
		{D19C8C49-5BE3-47B8-8C2C-7D8415134438}.Release|Win32.ActiveCfg = Release|Any CPU
		{8C680360-97C6-475A-B047-D9E52348990C}.Debug|Any CPU.ActiveCfg = Debug|Any CPU
		{8C680360-97C6-475A-B047-D9E52348990C}.Debug|Any CPU.Build.0 = Debug|Any CPU
		{8C680360-97C6-475A-B047-D9E52348990C}.Debug|Mixed Platforms.ActiveCfg = Debug|Any CPU
		{8C680360-97C6-475A-B047-D9E52348990C}.Debug|Mixed Platforms.Build.0 = Debug|Any CPU
		{8C680360-97C6-475A-B047-D9E52348990C}.Debug|Win32.ActiveCfg = Debug|Any CPU
		{8C680360-97C6-475A-B047-D9E52348990C}.Release|Any CPU.ActiveCfg = Release|Any CPU
		{8C680360-97C6-475A-B047-D9E52348990C}.Release|Any CPU.Build.0 = Release|Any CPU
		{8C680360-97C6-475A-B047-D9E52348990C}.Release|Mixed Platforms.ActiveCfg = Release|Any CPU
		{8C680360-97C6-475A-B047-D9E52348990C}.Release|Mixed Platforms.Build.0 = Release|Any CPU
		{8C680360-97C6-475A-B047-D9E52348990C}.Release|Win32.ActiveCfg = Release|Any CPU
		{FA9132A5-6063-4269-89ED-5A5E8D57A7B8}.Debug|Any CPU.ActiveCfg = Debug|Any CPU
		{FA9132A5-6063-4269-89ED-5A5E8D57A7B8}.Debug|Any CPU.Build.0 = Debug|Any CPU
		{FA9132A5-6063-4269-89ED-5A5E8D57A7B8}.Debug|Mixed Platforms.ActiveCfg = Debug|Any CPU
		{FA9132A5-6063-4269-89ED-5A5E8D57A7B8}.Debug|Mixed Platforms.Build.0 = Debug|Any CPU
		{FA9132A5-6063-4269-89ED-5A5E8D57A7B8}.Debug|Win32.ActiveCfg = Debug|Any CPU
		{FA9132A5-6063-4269-89ED-5A5E8D57A7B8}.Release|Any CPU.ActiveCfg = Release|Any CPU
		{FA9132A5-6063-4269-89ED-5A5E8D57A7B8}.Release|Any CPU.Build.0 = Release|Any CPU
		{FA9132A5-6063-4269-89ED-5A5E8D57A7B8}.Release|Mixed Platforms.ActiveCfg = Release|Any CPU
		{FA9132A5-6063-4269-89ED-5A5E8D57A7B8}.Release|Mixed Platforms.Build.0 = Release|Any CPU
		{FA9132A5-6063-4269-89ED-5A5E8D57A7B8}.Release|Win32.ActiveCfg = Release|Any CPU
		{9501D4F8-0878-462E-B3FB-190A7D6ED4DB}.Debug|Any CPU.ActiveCfg = Debug|Any CPU
		{9501D4F8-0878-462E-B3FB-190A7D6ED4DB}.Debug|Any CPU.Build.0 = Debug|Any CPU
		{9501D4F8-0878-462E-B3FB-190A7D6ED4DB}.Debug|Mixed Platforms.ActiveCfg = Debug|Any CPU
		{9501D4F8-0878-462E-B3FB-190A7D6ED4DB}.Debug|Mixed Platforms.Build.0 = Debug|Any CPU
		{9501D4F8-0878-462E-B3FB-190A7D6ED4DB}.Debug|Win32.ActiveCfg = Debug|Any CPU
		{9501D4F8-0878-462E-B3FB-190A7D6ED4DB}.Release|Any CPU.ActiveCfg = Release|Any CPU
		{9501D4F8-0878-462E-B3FB-190A7D6ED4DB}.Release|Any CPU.Build.0 = Release|Any CPU
		{9501D4F8-0878-462E-B3FB-190A7D6ED4DB}.Release|Mixed Platforms.ActiveCfg = Release|Any CPU
		{9501D4F8-0878-462E-B3FB-190A7D6ED4DB}.Release|Mixed Platforms.Build.0 = Release|Any CPU
		{9501D4F8-0878-462E-B3FB-190A7D6ED4DB}.Release|Win32.ActiveCfg = Release|Any CPU
		{1AE7A917-0AF1-4054-B4EC-6B89C2BF38F6}.Debug|Any CPU.ActiveCfg = Debug|Win32
		{1AE7A917-0AF1-4054-B4EC-6B89C2BF38F6}.Debug|Mixed Platforms.ActiveCfg = Debug|Win32
		{1AE7A917-0AF1-4054-B4EC-6B89C2BF38F6}.Debug|Mixed Platforms.Build.0 = Debug|Win32
		{1AE7A917-0AF1-4054-B4EC-6B89C2BF38F6}.Debug|Win32.ActiveCfg = Debug|Win32
		{1AE7A917-0AF1-4054-B4EC-6B89C2BF38F6}.Debug|Win32.Build.0 = Debug|Win32
		{1AE7A917-0AF1-4054-B4EC-6B89C2BF38F6}.Release|Any CPU.ActiveCfg = Release|Win32
		{1AE7A917-0AF1-4054-B4EC-6B89C2BF38F6}.Release|Mixed Platforms.ActiveCfg = Release|Win32
		{1AE7A917-0AF1-4054-B4EC-6B89C2BF38F6}.Release|Mixed Platforms.Build.0 = Release|Win32
		{1AE7A917-0AF1-4054-B4EC-6B89C2BF38F6}.Release|Win32.ActiveCfg = Release|Win32
		{1AE7A917-0AF1-4054-B4EC-6B89C2BF38F6}.Release|Win32.Build.0 = Release|Win32
	EndGlobalSection
	GlobalSection(SolutionProperties) = preSolution
		HideSolutionNode = FALSE
	EndGlobalSection
EndGlobal
