
Microsoft Visual Studio Solution File, Format Version 9.00
# Visual Studio 2005
Project("{FAE04EC0-301F-11D3-BF4B-00C04F79EFBC}") = "nMars.RedCode", "nMars.RedCode\nMars.RedCode.csproj", "{34EFF84C-F16E-45A3-B40E-6EFB9978608F}"
EndProject
Project("{FAE04EC0-301F-11D3-BF4B-00C04F79EFBC}") = "nMars.Parser", "nMars.Parser\nMars.Parser.csproj", "{DD04BC83-CC0A-4F52-A70B-FDB4C0991E3D}"
EndProject
Project("{FAE04EC0-301F-11D3-BF4B-00C04F79EFBC}") = "nMars.Engine", "nMars.Engine\nMars.Engine.csproj", "{8C680360-97C6-475A-B047-D9E52348990C}"
EndProject
Project("{FAE04EC0-301F-11D3-BF4B-00C04F79EFBC}") = "nMars.Test", "nMars.Test\nMars.Test.csproj", "{FA9132A5-6063-4269-89ED-5A5E8D57A7B8}"
EndProject
Project("{FAE04EC0-301F-11D3-BF4B-00C04F79EFBC}") = "pMars.DllWrapper", "pMars.DllWrapper\pMars.DllWrapper.csproj", "{9D9C6AB6-BDF3-483B-A11C-DE7C15EB4814}"
EndProject
Project("{8BC9CEB8-8B4A-11D0-8D11-00A0C91BC942}") = "pMarsDll", "pMars\src\pMarsDll.vcproj", "{4D589993-9F4B-407E-B0F7-604A456FBC9F}"
EndProject
Project("{FAE04EC0-301F-11D3-BF4B-00C04F79EFBC}") = "nMars.Debugger", "nMars.Debugger\nMars.Debugger.csproj", "{49520670-73DE-4A0B-B2F4-E9FDE6BA4D2E}"
EndProject
Project("{FAE04EC0-301F-11D3-BF4B-00C04F79EFBC}") = "nMars.IDE", "nMars.IDE\nMars.IDE.csproj", "{BB9036EA-050A-4ECD-B857-CB022275A7C5}"
EndProject
Project("{8BC9CEB8-8B4A-11D0-8D11-00A0C91BC942}") = "pMarsConsole", "pMars\src\pMarsConsole.vcproj", "{49874D75-9D93-4EDA-A0A4-001B2E080778}"
EndProject
Project("{8BC9CEB8-8B4A-11D0-8D11-00A0C91BC942}") = "pMarsSDL", "pMars\src\pMarsSDL.vcproj", "{8F4CD545-0C95-462A-9798-A511739F84C8}"
EndProject
Project("{8BC9CEB8-8B4A-11D0-8D11-00A0C91BC942}") = "pMarsServer", "pMars\src\pMarsServer.vcproj", "{213C7489-C45D-4CE3-865E-F7D6CF046B39}"
EndProject
Project("{54435603-DBB4-11D2-8724-00A0C9A8B90C}") = "nMars", "nMars.Setup\nMars.Setup.vdproj", "{49098038-C72A-4D03-8015-FC51A8918A20}"
	ProjectSection(ProjectDependencies) = postProject
		{25CC8726-10A6-4153-B58A-226384E647E6} = {25CC8726-10A6-4153-B58A-226384E647E6}
		{7C5CCD45-9A5B-4D6F-B4CD-DDB6596C6B93} = {7C5CCD45-9A5B-4D6F-B4CD-DDB6596C6B93}
		{8F4CD545-0C95-462A-9798-A511739F84C8} = {8F4CD545-0C95-462A-9798-A511739F84C8}
		{34EFF84C-F16E-45A3-B40E-6EFB9978608F} = {34EFF84C-F16E-45A3-B40E-6EFB9978608F}
		{8C680360-97C6-475A-B047-D9E52348990C} = {8C680360-97C6-475A-B047-D9E52348990C}
		{49520670-73DE-4A0B-B2F4-E9FDE6BA4D2E} = {49520670-73DE-4A0B-B2F4-E9FDE6BA4D2E}
		{49874D75-9D93-4EDA-A0A4-001B2E080778} = {49874D75-9D93-4EDA-A0A4-001B2E080778}
		{DD04BC83-CC0A-4F52-A70B-FDB4C0991E3D} = {DD04BC83-CC0A-4F52-A70B-FDB4C0991E3D}
		{213C7489-C45D-4CE3-865E-F7D6CF046B39} = {213C7489-C45D-4CE3-865E-F7D6CF046B39}
		{4D589993-9F4B-407E-B0F7-604A456FBC9F} = {4D589993-9F4B-407E-B0F7-604A456FBC9F}
		{FA9132A5-6063-4269-89ED-5A5E8D57A7B8} = {FA9132A5-6063-4269-89ED-5A5E8D57A7B8}
		{9D9C6AB6-BDF3-483B-A11C-DE7C15EB4814} = {9D9C6AB6-BDF3-483B-A11C-DE7C15EB4814}
		{B39B9FDE-DBBD-4118-85BC-48E6508FC76F} = {B39B9FDE-DBBD-4118-85BC-48E6508FC76F}
		{BB9036EA-050A-4ECD-B857-CB022275A7C5} = {BB9036EA-050A-4ECD-B857-CB022275A7C5}
	EndProjectSection
EndProject
Project("{FAE04EC0-301F-11D3-BF4B-00C04F79EFBC}") = "nMars.Graphics", "nMars.Graphics\nMars.Graphics.csproj", "{B39B9FDE-DBBD-4118-85BC-48E6508FC76F}"
EndProject
Project("{FAE04EC0-301F-11D3-BF4B-00C04F79EFBC}") = "nMars.IDE.Debugger", "nMars.IDE.Debugger\nMars.IDE.Debugger.csproj", "{25CC8726-10A6-4153-B58A-226384E647E6}"
EndProject
Project("{FAE04EC0-301F-11D3-BF4B-00C04F79EFBC}") = "nMars.Screensaver", "nMars.Screensaver\nMars.Screensaver.csproj", "{7C5CCD45-9A5B-4D6F-B4CD-DDB6596C6B93}"
EndProject
Global
	GlobalSection(SolutionConfigurationPlatforms) = preSolution
		Debug|Any CPU = Debug|Any CPU
		Debug|Mixed Platforms = Debug|Mixed Platforms
		Debug|Win32 = Debug|Win32
		Release|Any CPU = Release|Any CPU
		Release|Mixed Platforms = Release|Mixed Platforms
		Release|Win32 = Release|Win32
	EndGlobalSection
	GlobalSection(ProjectConfigurationPlatforms) = postSolution
		{34EFF84C-F16E-45A3-B40E-6EFB9978608F}.Debug|Any CPU.ActiveCfg = Debug|Any CPU
		{34EFF84C-F16E-45A3-B40E-6EFB9978608F}.Debug|Any CPU.Build.0 = Debug|Any CPU
		{34EFF84C-F16E-45A3-B40E-6EFB9978608F}.Debug|Mixed Platforms.ActiveCfg = Debug|Any CPU
		{34EFF84C-F16E-45A3-B40E-6EFB9978608F}.Debug|Mixed Platforms.Build.0 = Debug|Any CPU
		{34EFF84C-F16E-45A3-B40E-6EFB9978608F}.Debug|Win32.ActiveCfg = Debug|Any CPU
		{34EFF84C-F16E-45A3-B40E-6EFB9978608F}.Release|Any CPU.ActiveCfg = Release|Any CPU
		{34EFF84C-F16E-45A3-B40E-6EFB9978608F}.Release|Any CPU.Build.0 = Release|Any CPU
		{34EFF84C-F16E-45A3-B40E-6EFB9978608F}.Release|Mixed Platforms.ActiveCfg = Release|Any CPU
		{34EFF84C-F16E-45A3-B40E-6EFB9978608F}.Release|Mixed Platforms.Build.0 = Release|Any CPU
		{34EFF84C-F16E-45A3-B40E-6EFB9978608F}.Release|Win32.ActiveCfg = Release|Any CPU
		{DD04BC83-CC0A-4F52-A70B-FDB4C0991E3D}.Debug|Any CPU.ActiveCfg = Debug|Any CPU
		{DD04BC83-CC0A-4F52-A70B-FDB4C0991E3D}.Debug|Any CPU.Build.0 = Debug|Any CPU
		{DD04BC83-CC0A-4F52-A70B-FDB4C0991E3D}.Debug|Mixed Platforms.ActiveCfg = Debug|Any CPU
		{DD04BC83-CC0A-4F52-A70B-FDB4C0991E3D}.Debug|Mixed Platforms.Build.0 = Debug|Any CPU
		{DD04BC83-CC0A-4F52-A70B-FDB4C0991E3D}.Debug|Win32.ActiveCfg = Debug|Any CPU
		{DD04BC83-CC0A-4F52-A70B-FDB4C0991E3D}.Release|Any CPU.ActiveCfg = Release|Any CPU
		{DD04BC83-CC0A-4F52-A70B-FDB4C0991E3D}.Release|Any CPU.Build.0 = Release|Any CPU
		{DD04BC83-CC0A-4F52-A70B-FDB4C0991E3D}.Release|Mixed Platforms.ActiveCfg = Release|Any CPU
		{DD04BC83-CC0A-4F52-A70B-FDB4C0991E3D}.Release|Mixed Platforms.Build.0 = Release|Any CPU
		{DD04BC83-CC0A-4F52-A70B-FDB4C0991E3D}.Release|Win32.ActiveCfg = Release|Any CPU
		{8C680360-97C6-475A-B047-D9E52348990C}.Debug|Any CPU.ActiveCfg = Debug|Any CPU
		{8C680360-97C6-475A-B047-D9E52348990C}.Debug|Any CPU.Build.0 = Debug|Any CPU
		{8C680360-97C6-475A-B047-D9E52348990C}.Debug|Mixed Platforms.ActiveCfg = Debug|Any CPU
		{8C680360-97C6-475A-B047-D9E52348990C}.Debug|Mixed Platforms.Build.0 = Debug|Any CPU
		{8C680360-97C6-475A-B047-D9E52348990C}.Debug|Win32.ActiveCfg = Debug|Any CPU
		{8C680360-97C6-475A-B047-D9E52348990C}.Release|Any CPU.ActiveCfg = Release|Any CPU
		{8C680360-97C6-475A-B047-D9E52348990C}.Release|Any CPU.Build.0 = Release|Any CPU
		{8C680360-97C6-475A-B047-D9E52348990C}.Release|Mixed Platforms.ActiveCfg = Release|Any CPU
		{8C680360-97C6-475A-B047-D9E52348990C}.Release|Mixed Platforms.Build.0 = Release|Any CPU
		{8C680360-97C6-475A-B047-D9E52348990C}.Release|Win32.ActiveCfg = Release|Any CPU
		{FA9132A5-6063-4269-89ED-5A5E8D57A7B8}.Debug|Any CPU.ActiveCfg = Debug|Any CPU
		{FA9132A5-6063-4269-89ED-5A5E8D57A7B8}.Debug|Any CPU.Build.0 = Debug|Any CPU
		{FA9132A5-6063-4269-89ED-5A5E8D57A7B8}.Debug|Mixed Platforms.ActiveCfg = Debug|Any CPU
		{FA9132A5-6063-4269-89ED-5A5E8D57A7B8}.Debug|Mixed Platforms.Build.0 = Debug|Any CPU
		{FA9132A5-6063-4269-89ED-5A5E8D57A7B8}.Debug|Win32.ActiveCfg = Debug|Any CPU
		{FA9132A5-6063-4269-89ED-5A5E8D57A7B8}.Release|Any CPU.ActiveCfg = Release|Any CPU
		{FA9132A5-6063-4269-89ED-5A5E8D57A7B8}.Release|Any CPU.Build.0 = Release|Any CPU
		{FA9132A5-6063-4269-89ED-5A5E8D57A7B8}.Release|Mixed Platforms.ActiveCfg = Release|Any CPU
		{FA9132A5-6063-4269-89ED-5A5E8D57A7B8}.Release|Mixed Platforms.Build.0 = Release|Any CPU
		{FA9132A5-6063-4269-89ED-5A5E8D57A7B8}.Release|Win32.ActiveCfg = Release|Any CPU
		{9D9C6AB6-BDF3-483B-A11C-DE7C15EB4814}.Debug|Any CPU.ActiveCfg = Debug|Any CPU
		{9D9C6AB6-BDF3-483B-A11C-DE7C15EB4814}.Debug|Any CPU.Build.0 = Debug|Any CPU
		{9D9C6AB6-BDF3-483B-A11C-DE7C15EB4814}.Debug|Mixed Platforms.ActiveCfg = Debug|Any CPU
		{9D9C6AB6-BDF3-483B-A11C-DE7C15EB4814}.Debug|Mixed Platforms.Build.0 = Debug|Any CPU
		{9D9C6AB6-BDF3-483B-A11C-DE7C15EB4814}.Debug|Win32.ActiveCfg = Debug|Any CPU
		{9D9C6AB6-BDF3-483B-A11C-DE7C15EB4814}.Release|Any CPU.ActiveCfg = Release|Any CPU
		{9D9C6AB6-BDF3-483B-A11C-DE7C15EB4814}.Release|Any CPU.Build.0 = Release|Any CPU
		{9D9C6AB6-BDF3-483B-A11C-DE7C15EB4814}.Release|Mixed Platforms.ActiveCfg = Release|Any CPU
		{9D9C6AB6-BDF3-483B-A11C-DE7C15EB4814}.Release|Mixed Platforms.Build.0 = Release|Any CPU
		{9D9C6AB6-BDF3-483B-A11C-DE7C15EB4814}.Release|Win32.ActiveCfg = Release|Any CPU
		{4D589993-9F4B-407E-B0F7-604A456FBC9F}.Debug|Any CPU.ActiveCfg = Debug|Win32
		{4D589993-9F4B-407E-B0F7-604A456FBC9F}.Debug|Mixed Platforms.ActiveCfg = Debug|Win32
		{4D589993-9F4B-407E-B0F7-604A456FBC9F}.Debug|Mixed Platforms.Build.0 = Debug|Win32
		{4D589993-9F4B-407E-B0F7-604A456FBC9F}.Debug|Win32.ActiveCfg = Debug|Win32
		{4D589993-9F4B-407E-B0F7-604A456FBC9F}.Debug|Win32.Build.0 = Debug|Win32
		{4D589993-9F4B-407E-B0F7-604A456FBC9F}.Release|Any CPU.ActiveCfg = Release|Win32
		{4D589993-9F4B-407E-B0F7-604A456FBC9F}.Release|Mixed Platforms.ActiveCfg = Release|Win32
		{4D589993-9F4B-407E-B0F7-604A456FBC9F}.Release|Mixed Platforms.Build.0 = Release|Win32
		{4D589993-9F4B-407E-B0F7-604A456FBC9F}.Release|Win32.ActiveCfg = Release|Win32
		{4D589993-9F4B-407E-B0F7-604A456FBC9F}.Release|Win32.Build.0 = Release|Win32
		{49520670-73DE-4A0B-B2F4-E9FDE6BA4D2E}.Debug|Any CPU.ActiveCfg = Debug|Any CPU
		{49520670-73DE-4A0B-B2F4-E9FDE6BA4D2E}.Debug|Any CPU.Build.0 = Debug|Any CPU
		{49520670-73DE-4A0B-B2F4-E9FDE6BA4D2E}.Debug|Mixed Platforms.ActiveCfg = Debug|Any CPU
		{49520670-73DE-4A0B-B2F4-E9FDE6BA4D2E}.Debug|Mixed Platforms.Build.0 = Debug|Any CPU
		{49520670-73DE-4A0B-B2F4-E9FDE6BA4D2E}.Debug|Win32.ActiveCfg = Debug|Any CPU
		{49520670-73DE-4A0B-B2F4-E9FDE6BA4D2E}.Release|Any CPU.ActiveCfg = Release|Any CPU
		{49520670-73DE-4A0B-B2F4-E9FDE6BA4D2E}.Release|Any CPU.Build.0 = Release|Any CPU
		{49520670-73DE-4A0B-B2F4-E9FDE6BA4D2E}.Release|Mixed Platforms.ActiveCfg = Release|Any CPU
		{49520670-73DE-4A0B-B2F4-E9FDE6BA4D2E}.Release|Mixed Platforms.Build.0 = Release|Any CPU
		{49520670-73DE-4A0B-B2F4-E9FDE6BA4D2E}.Release|Win32.ActiveCfg = Release|Any CPU
		{BB9036EA-050A-4ECD-B857-CB022275A7C5}.Debug|Any CPU.ActiveCfg = Debug|Any CPU
		{BB9036EA-050A-4ECD-B857-CB022275A7C5}.Debug|Any CPU.Build.0 = Debug|Any CPU
		{BB9036EA-050A-4ECD-B857-CB022275A7C5}.Debug|Mixed Platforms.ActiveCfg = Debug|Any CPU
		{BB9036EA-050A-4ECD-B857-CB022275A7C5}.Debug|Mixed Platforms.Build.0 = Debug|Any CPU
		{BB9036EA-050A-4ECD-B857-CB022275A7C5}.Debug|Win32.ActiveCfg = Debug|Any CPU
		{BB9036EA-050A-4ECD-B857-CB022275A7C5}.Release|Any CPU.ActiveCfg = Release|Any CPU
		{BB9036EA-050A-4ECD-B857-CB022275A7C5}.Release|Any CPU.Build.0 = Release|Any CPU
		{BB9036EA-050A-4ECD-B857-CB022275A7C5}.Release|Mixed Platforms.ActiveCfg = Release|Any CPU
		{BB9036EA-050A-4ECD-B857-CB022275A7C5}.Release|Mixed Platforms.Build.0 = Release|Any CPU
		{BB9036EA-050A-4ECD-B857-CB022275A7C5}.Release|Win32.ActiveCfg = Release|Any CPU
		{49874D75-9D93-4EDA-A0A4-001B2E080778}.Debug|Any CPU.ActiveCfg = Debug|Win32
		{49874D75-9D93-4EDA-A0A4-001B2E080778}.Debug|Mixed Platforms.ActiveCfg = Debug|Win32
		{49874D75-9D93-4EDA-A0A4-001B2E080778}.Debug|Mixed Platforms.Build.0 = Debug|Win32
		{49874D75-9D93-4EDA-A0A4-001B2E080778}.Debug|Win32.ActiveCfg = Debug|Win32
		{49874D75-9D93-4EDA-A0A4-001B2E080778}.Debug|Win32.Build.0 = Debug|Win32
		{49874D75-9D93-4EDA-A0A4-001B2E080778}.Release|Any CPU.ActiveCfg = Release|Win32
		{49874D75-9D93-4EDA-A0A4-001B2E080778}.Release|Mixed Platforms.ActiveCfg = Release|Win32
		{49874D75-9D93-4EDA-A0A4-001B2E080778}.Release|Mixed Platforms.Build.0 = Release|Win32
		{49874D75-9D93-4EDA-A0A4-001B2E080778}.Release|Win32.ActiveCfg = Release|Win32
		{49874D75-9D93-4EDA-A0A4-001B2E080778}.Release|Win32.Build.0 = Release|Win32
		{8F4CD545-0C95-462A-9798-A511739F84C8}.Debug|Any CPU.ActiveCfg = Debug|Win32
		{8F4CD545-0C95-462A-9798-A511739F84C8}.Debug|Mixed Platforms.ActiveCfg = Debug|Win32
		{8F4CD545-0C95-462A-9798-A511739F84C8}.Debug|Mixed Platforms.Build.0 = Debug|Win32
		{8F4CD545-0C95-462A-9798-A511739F84C8}.Debug|Win32.ActiveCfg = Debug|Win32
		{8F4CD545-0C95-462A-9798-A511739F84C8}.Debug|Win32.Build.0 = Debug|Win32
		{8F4CD545-0C95-462A-9798-A511739F84C8}.Release|Any CPU.ActiveCfg = Release|Win32
		{8F4CD545-0C95-462A-9798-A511739F84C8}.Release|Mixed Platforms.ActiveCfg = Release|Win32
		{8F4CD545-0C95-462A-9798-A511739F84C8}.Release|Mixed Platforms.Build.0 = Release|Win32
		{8F4CD545-0C95-462A-9798-A511739F84C8}.Release|Win32.ActiveCfg = Release|Win32
		{8F4CD545-0C95-462A-9798-A511739F84C8}.Release|Win32.Build.0 = Release|Win32
		{213C7489-C45D-4CE3-865E-F7D6CF046B39}.Debug|Any CPU.ActiveCfg = Debug|Win32
		{213C7489-C45D-4CE3-865E-F7D6CF046B39}.Debug|Mixed Platforms.ActiveCfg = Debug|Win32
		{213C7489-C45D-4CE3-865E-F7D6CF046B39}.Debug|Mixed Platforms.Build.0 = Debug|Win32
		{213C7489-C45D-4CE3-865E-F7D6CF046B39}.Debug|Win32.ActiveCfg = Debug|Win32
		{213C7489-C45D-4CE3-865E-F7D6CF046B39}.Debug|Win32.Build.0 = Debug|Win32
		{213C7489-C45D-4CE3-865E-F7D6CF046B39}.Release|Any CPU.ActiveCfg = Release|Win32
		{213C7489-C45D-4CE3-865E-F7D6CF046B39}.Release|Mixed Platforms.ActiveCfg = Release|Win32
		{213C7489-C45D-4CE3-865E-F7D6CF046B39}.Release|Mixed Platforms.Build.0 = Release|Win32
		{213C7489-C45D-4CE3-865E-F7D6CF046B39}.Release|Win32.ActiveCfg = Release|Win32
		{213C7489-C45D-4CE3-865E-F7D6CF046B39}.Release|Win32.Build.0 = Release|Win32
		{49098038-C72A-4D03-8015-FC51A8918A20}.Debug|Any CPU.ActiveCfg = Debug
		{49098038-C72A-4D03-8015-FC51A8918A20}.Debug|Any CPU.Build.0 = Debug
		{49098038-C72A-4D03-8015-FC51A8918A20}.Debug|Mixed Platforms.ActiveCfg = Debug
		{49098038-C72A-4D03-8015-FC51A8918A20}.Debug|Mixed Platforms.Build.0 = Debug
		{49098038-C72A-4D03-8015-FC51A8918A20}.Debug|Win32.ActiveCfg = Debug
		{49098038-C72A-4D03-8015-FC51A8918A20}.Debug|Win32.Build.0 = Debug
		{49098038-C72A-4D03-8015-FC51A8918A20}.Release|Any CPU.ActiveCfg = Release
		{49098038-C72A-4D03-8015-FC51A8918A20}.Release|Any CPU.Build.0 = Release
		{49098038-C72A-4D03-8015-FC51A8918A20}.Release|Mixed Platforms.ActiveCfg = Release
		{49098038-C72A-4D03-8015-FC51A8918A20}.Release|Mixed Platforms.Build.0 = Release
		{49098038-C72A-4D03-8015-FC51A8918A20}.Release|Win32.ActiveCfg = Release
		{49098038-C72A-4D03-8015-FC51A8918A20}.Release|Win32.Build.0 = Release
		{B39B9FDE-DBBD-4118-85BC-48E6508FC76F}.Debug|Any CPU.ActiveCfg = Debug|Any CPU
		{B39B9FDE-DBBD-4118-85BC-48E6508FC76F}.Debug|Any CPU.Build.0 = Debug|Any CPU
		{B39B9FDE-DBBD-4118-85BC-48E6508FC76F}.Debug|Mixed Platforms.ActiveCfg = Debug|Any CPU
		{B39B9FDE-DBBD-4118-85BC-48E6508FC76F}.Debug|Mixed Platforms.Build.0 = Debug|Any CPU
		{B39B9FDE-DBBD-4118-85BC-48E6508FC76F}.Debug|Win32.ActiveCfg = Debug|Any CPU
		{B39B9FDE-DBBD-4118-85BC-48E6508FC76F}.Release|Any CPU.ActiveCfg = Release|Any CPU
		{B39B9FDE-DBBD-4118-85BC-48E6508FC76F}.Release|Any CPU.Build.0 = Release|Any CPU
		{B39B9FDE-DBBD-4118-85BC-48E6508FC76F}.Release|Mixed Platforms.ActiveCfg = Release|Any CPU
		{B39B9FDE-DBBD-4118-85BC-48E6508FC76F}.Release|Mixed Platforms.Build.0 = Release|Any CPU
		{B39B9FDE-DBBD-4118-85BC-48E6508FC76F}.Release|Win32.ActiveCfg = Release|Any CPU
		{25CC8726-10A6-4153-B58A-226384E647E6}.Debug|Any CPU.ActiveCfg = Debug|Any CPU
		{25CC8726-10A6-4153-B58A-226384E647E6}.Debug|Any CPU.Build.0 = Debug|Any CPU
		{25CC8726-10A6-4153-B58A-226384E647E6}.Debug|Mixed Platforms.ActiveCfg = Debug|Any CPU
		{25CC8726-10A6-4153-B58A-226384E647E6}.Debug|Mixed Platforms.Build.0 = Debug|Any CPU
		{25CC8726-10A6-4153-B58A-226384E647E6}.Debug|Win32.ActiveCfg = Debug|Any CPU
		{25CC8726-10A6-4153-B58A-226384E647E6}.Release|Any CPU.ActiveCfg = Release|Any CPU
		{25CC8726-10A6-4153-B58A-226384E647E6}.Release|Any CPU.Build.0 = Release|Any CPU
		{25CC8726-10A6-4153-B58A-226384E647E6}.Release|Mixed Platforms.ActiveCfg = Release|Any CPU
		{25CC8726-10A6-4153-B58A-226384E647E6}.Release|Mixed Platforms.Build.0 = Release|Any CPU
		{25CC8726-10A6-4153-B58A-226384E647E6}.Release|Win32.ActiveCfg = Release|Any CPU
		{7C5CCD45-9A5B-4D6F-B4CD-DDB6596C6B93}.Debug|Any CPU.ActiveCfg = Debug|Any CPU
		{7C5CCD45-9A5B-4D6F-B4CD-DDB6596C6B93}.Debug|Any CPU.Build.0 = Debug|Any CPU
		{7C5CCD45-9A5B-4D6F-B4CD-DDB6596C6B93}.Debug|Mixed Platforms.ActiveCfg = Debug|Any CPU
		{7C5CCD45-9A5B-4D6F-B4CD-DDB6596C6B93}.Debug|Mixed Platforms.Build.0 = Debug|Any CPU
		{7C5CCD45-9A5B-4D6F-B4CD-DDB6596C6B93}.Debug|Win32.ActiveCfg = Debug|Any CPU
		{7C5CCD45-9A5B-4D6F-B4CD-DDB6596C6B93}.Release|Any CPU.ActiveCfg = Release|Any CPU
		{7C5CCD45-9A5B-4D6F-B4CD-DDB6596C6B93}.Release|Any CPU.Build.0 = Release|Any CPU
		{7C5CCD45-9A5B-4D6F-B4CD-DDB6596C6B93}.Release|Mixed Platforms.ActiveCfg = Release|Any CPU
		{7C5CCD45-9A5B-4D6F-B4CD-DDB6596C6B93}.Release|Mixed Platforms.Build.0 = Release|Any CPU
		{7C5CCD45-9A5B-4D6F-B4CD-DDB6596C6B93}.Release|Win32.ActiveCfg = Release|Any CPU
	EndGlobalSection
	GlobalSection(SolutionProperties) = preSolution
		HideSolutionNode = FALSE
	EndGlobalSection
EndGlobal
