
Microsoft Visual Studio Solution File, Format Version 10.00
# Visual Studio 2008
Project("{FAE04EC0-301F-11D3-BF4B-00C04F79EFBC}") = "nMars.RedCode", "nMars.RedCode\nMars.RedCode.csproj", "{34EFF84C-F16E-45A3-B40E-6EFB9978608F}"
EndProject
Project("{FAE04EC0-301F-11D3-BF4B-00C04F79EFBC}") = "nMars.Parser", "nMars.Parser\nMars.Parser.csproj", "{DD04BC83-CC0A-4F52-A70B-FDB4C0991E3D}"
EndProject
Project("{FAE04EC0-301F-11D3-BF4B-00C04F79EFBC}") = "nMars.Engine", "nMars.Engine\nMars.Engine.csproj", "{8C680360-97C6-475A-B047-D9E52348990C}"
EndProject
Project("{FAE04EC0-301F-11D3-BF4B-00C04F79EFBC}") = "nMars.Debugger", "nMars.Debugger\nMars.Debugger.csproj", "{49520670-73DE-4A0B-B2F4-E9FDE6BA4D2E}"
EndProject
Project("{FAE04EC0-301F-11D3-BF4B-00C04F79EFBC}") = "nMars.IDE", "nMars.IDE\nMars.IDE.csproj", "{BB9036EA-050A-4ECD-B857-CB022275A7C5}"
EndProject
Project("{FAE04EC0-301F-11D3-BF4B-00C04F79EFBC}") = "nMars.Graphics", "nMars.Graphics\nMars.Graphics.csproj", "{B39B9FDE-DBBD-4118-85BC-48E6508FC76F}"
EndProject
Project("{FAE04EC0-301F-11D3-BF4B-00C04F79EFBC}") = "nMars.Console", "nMars.Console\nMars.Console.csproj", "{FF53C076-410E-410D-BDCF-38003C2D12A0}"
EndProject
Global
	GlobalSection(SolutionConfigurationPlatforms) = preSolution
		Debug 1.1|Any CPU = Debug 1.1|Any CPU
		Debug 1.1|Mixed Platforms = Debug 1.1|Mixed Platforms
		Debug 1.1|Win32 = Debug 1.1|Win32
		Debug|Any CPU = Debug|Any CPU
		Debug|Mixed Platforms = Debug|Mixed Platforms
		Debug|Win32 = Debug|Win32
		Mono|Any CPU = Mono|Any CPU
		Mono|Mixed Platforms = Mono|Mixed Platforms
		Mono|Win32 = Mono|Win32
		Release 1.1|Any CPU = Release 1.1|Any CPU
		Release 1.1|Mixed Platforms = Release 1.1|Mixed Platforms
		Release 1.1|Win32 = Release 1.1|Win32
		Release|Any CPU = Release|Any CPU
		Release|Mixed Platforms = Release|Mixed Platforms
		Release|Win32 = Release|Win32
	EndGlobalSection
	GlobalSection(ProjectConfigurationPlatforms) = postSolution
		{34EFF84C-F16E-45A3-B40E-6EFB9978608F}.Debug 1.1|Any CPU.ActiveCfg = Debug|Any CPU
		{34EFF84C-F16E-45A3-B40E-6EFB9978608F}.Debug 1.1|Any CPU.Build.0 = Debug|Any CPU
		{34EFF84C-F16E-45A3-B40E-6EFB9978608F}.Debug 1.1|Mixed Platforms.ActiveCfg = Debug|Any CPU
		{34EFF84C-F16E-45A3-B40E-6EFB9978608F}.Debug 1.1|Mixed Platforms.Build.0 = Debug|Any CPU
		{34EFF84C-F16E-45A3-B40E-6EFB9978608F}.Debug 1.1|Win32.ActiveCfg = Debug|Any CPU
		{34EFF84C-F16E-45A3-B40E-6EFB9978608F}.Debug|Any CPU.ActiveCfg = Debug|Any CPU
		{34EFF84C-F16E-45A3-B40E-6EFB9978608F}.Debug|Any CPU.Build.0 = Debug|Any CPU
		{34EFF84C-F16E-45A3-B40E-6EFB9978608F}.Debug|Mixed Platforms.ActiveCfg = Debug|Any CPU
		{34EFF84C-F16E-45A3-B40E-6EFB9978608F}.Debug|Mixed Platforms.Build.0 = Debug|Any CPU
		{34EFF84C-F16E-45A3-B40E-6EFB9978608F}.Debug|Win32.ActiveCfg = Debug|Any CPU
		{34EFF84C-F16E-45A3-B40E-6EFB9978608F}.Mono|Any CPU.ActiveCfg = Mono|Any CPU
		{34EFF84C-F16E-45A3-B40E-6EFB9978608F}.Mono|Any CPU.Build.0 = Mono|Any CPU
		{34EFF84C-F16E-45A3-B40E-6EFB9978608F}.Mono|Mixed Platforms.ActiveCfg = Mono|Any CPU
		{34EFF84C-F16E-45A3-B40E-6EFB9978608F}.Mono|Mixed Platforms.Build.0 = Mono|Any CPU
		{34EFF84C-F16E-45A3-B40E-6EFB9978608F}.Mono|Win32.ActiveCfg = Mono|Any CPU
		{34EFF84C-F16E-45A3-B40E-6EFB9978608F}.Release 1.1|Any CPU.ActiveCfg = Release|Any CPU
		{34EFF84C-F16E-45A3-B40E-6EFB9978608F}.Release 1.1|Any CPU.Build.0 = Release|Any CPU
		{34EFF84C-F16E-45A3-B40E-6EFB9978608F}.Release 1.1|Mixed Platforms.ActiveCfg = Release|Any CPU
		{34EFF84C-F16E-45A3-B40E-6EFB9978608F}.Release 1.1|Mixed Platforms.Build.0 = Release|Any CPU
		{34EFF84C-F16E-45A3-B40E-6EFB9978608F}.Release 1.1|Win32.ActiveCfg = Release|Any CPU
		{34EFF84C-F16E-45A3-B40E-6EFB9978608F}.Release|Any CPU.ActiveCfg = Release|Any CPU
		{34EFF84C-F16E-45A3-B40E-6EFB9978608F}.Release|Any CPU.Build.0 = Release|Any CPU
		{34EFF84C-F16E-45A3-B40E-6EFB9978608F}.Release|Mixed Platforms.ActiveCfg = Release|Any CPU
		{34EFF84C-F16E-45A3-B40E-6EFB9978608F}.Release|Mixed Platforms.Build.0 = Release|Any CPU
		{34EFF84C-F16E-45A3-B40E-6EFB9978608F}.Release|Win32.ActiveCfg = Release|Any CPU
		{DD04BC83-CC0A-4F52-A70B-FDB4C0991E3D}.Debug 1.1|Any CPU.ActiveCfg = Debug|Any CPU
		{DD04BC83-CC0A-4F52-A70B-FDB4C0991E3D}.Debug 1.1|Any CPU.Build.0 = Debug|Any CPU
		{DD04BC83-CC0A-4F52-A70B-FDB4C0991E3D}.Debug 1.1|Mixed Platforms.ActiveCfg = Debug|Any CPU
		{DD04BC83-CC0A-4F52-A70B-FDB4C0991E3D}.Debug 1.1|Mixed Platforms.Build.0 = Debug|Any CPU
		{DD04BC83-CC0A-4F52-A70B-FDB4C0991E3D}.Debug 1.1|Win32.ActiveCfg = Debug|Any CPU
		{DD04BC83-CC0A-4F52-A70B-FDB4C0991E3D}.Debug|Any CPU.ActiveCfg = Debug|Any CPU
		{DD04BC83-CC0A-4F52-A70B-FDB4C0991E3D}.Debug|Any CPU.Build.0 = Debug|Any CPU
		{DD04BC83-CC0A-4F52-A70B-FDB4C0991E3D}.Debug|Mixed Platforms.ActiveCfg = Debug|Any CPU
		{DD04BC83-CC0A-4F52-A70B-FDB4C0991E3D}.Debug|Mixed Platforms.Build.0 = Debug|Any CPU
		{DD04BC83-CC0A-4F52-A70B-FDB4C0991E3D}.Debug|Win32.ActiveCfg = Debug|Any CPU
		{DD04BC83-CC0A-4F52-A70B-FDB4C0991E3D}.Mono|Any CPU.ActiveCfg = Mono|Any CPU
		{DD04BC83-CC0A-4F52-A70B-FDB4C0991E3D}.Mono|Any CPU.Build.0 = Mono|Any CPU
		{DD04BC83-CC0A-4F52-A70B-FDB4C0991E3D}.Mono|Mixed Platforms.ActiveCfg = Mono|Any CPU
		{DD04BC83-CC0A-4F52-A70B-FDB4C0991E3D}.Mono|Mixed Platforms.Build.0 = Mono|Any CPU
		{DD04BC83-CC0A-4F52-A70B-FDB4C0991E3D}.Mono|Win32.ActiveCfg = Mono|Any CPU
		{DD04BC83-CC0A-4F52-A70B-FDB4C0991E3D}.Release 1.1|Any CPU.ActiveCfg = Release|Any CPU
		{DD04BC83-CC0A-4F52-A70B-FDB4C0991E3D}.Release 1.1|Any CPU.Build.0 = Release|Any CPU
		{DD04BC83-CC0A-4F52-A70B-FDB4C0991E3D}.Release 1.1|Mixed Platforms.ActiveCfg = Release|Any CPU
		{DD04BC83-CC0A-4F52-A70B-FDB4C0991E3D}.Release 1.1|Mixed Platforms.Build.0 = Release|Any CPU
		{DD04BC83-CC0A-4F52-A70B-FDB4C0991E3D}.Release 1.1|Win32.ActiveCfg = Release|Any CPU
		{DD04BC83-CC0A-4F52-A70B-FDB4C0991E3D}.Release|Any CPU.ActiveCfg = Release|Any CPU
		{DD04BC83-CC0A-4F52-A70B-FDB4C0991E3D}.Release|Any CPU.Build.0 = Release|Any CPU
		{DD04BC83-CC0A-4F52-A70B-FDB4C0991E3D}.Release|Mixed Platforms.ActiveCfg = Release|Any CPU
		{DD04BC83-CC0A-4F52-A70B-FDB4C0991E3D}.Release|Mixed Platforms.Build.0 = Release|Any CPU
		{DD04BC83-CC0A-4F52-A70B-FDB4C0991E3D}.Release|Win32.ActiveCfg = Release|Any CPU
		{8C680360-97C6-475A-B047-D9E52348990C}.Debug 1.1|Any CPU.ActiveCfg = Debug|Any CPU
		{8C680360-97C6-475A-B047-D9E52348990C}.Debug 1.1|Any CPU.Build.0 = Debug|Any CPU
		{8C680360-97C6-475A-B047-D9E52348990C}.Debug 1.1|Mixed Platforms.ActiveCfg = Debug|Any CPU
		{8C680360-97C6-475A-B047-D9E52348990C}.Debug 1.1|Mixed Platforms.Build.0 = Debug|Any CPU
		{8C680360-97C6-475A-B047-D9E52348990C}.Debug 1.1|Win32.ActiveCfg = Debug|Any CPU
		{8C680360-97C6-475A-B047-D9E52348990C}.Debug|Any CPU.ActiveCfg = Debug|Any CPU
		{8C680360-97C6-475A-B047-D9E52348990C}.Debug|Any CPU.Build.0 = Debug|Any CPU
		{8C680360-97C6-475A-B047-D9E52348990C}.Debug|Mixed Platforms.ActiveCfg = Debug|Any CPU
		{8C680360-97C6-475A-B047-D9E52348990C}.Debug|Mixed Platforms.Build.0 = Debug|Any CPU
		{8C680360-97C6-475A-B047-D9E52348990C}.Debug|Win32.ActiveCfg = Debug|Any CPU
		{8C680360-97C6-475A-B047-D9E52348990C}.Mono|Any CPU.ActiveCfg = Mono|Any CPU
		{8C680360-97C6-475A-B047-D9E52348990C}.Mono|Any CPU.Build.0 = Mono|Any CPU
		{8C680360-97C6-475A-B047-D9E52348990C}.Mono|Mixed Platforms.ActiveCfg = Mono|Any CPU
		{8C680360-97C6-475A-B047-D9E52348990C}.Mono|Mixed Platforms.Build.0 = Mono|Any CPU
		{8C680360-97C6-475A-B047-D9E52348990C}.Mono|Win32.ActiveCfg = Mono|Any CPU
		{8C680360-97C6-475A-B047-D9E52348990C}.Release 1.1|Any CPU.ActiveCfg = Release|Any CPU
		{8C680360-97C6-475A-B047-D9E52348990C}.Release 1.1|Any CPU.Build.0 = Release|Any CPU
		{8C680360-97C6-475A-B047-D9E52348990C}.Release 1.1|Mixed Platforms.ActiveCfg = Release|Any CPU
		{8C680360-97C6-475A-B047-D9E52348990C}.Release 1.1|Mixed Platforms.Build.0 = Release|Any CPU
		{8C680360-97C6-475A-B047-D9E52348990C}.Release 1.1|Win32.ActiveCfg = Release|Any CPU
		{8C680360-97C6-475A-B047-D9E52348990C}.Release|Any CPU.ActiveCfg = Release|Any CPU
		{8C680360-97C6-475A-B047-D9E52348990C}.Release|Any CPU.Build.0 = Release|Any CPU
		{8C680360-97C6-475A-B047-D9E52348990C}.Release|Mixed Platforms.ActiveCfg = Release|Any CPU
		{8C680360-97C6-475A-B047-D9E52348990C}.Release|Mixed Platforms.Build.0 = Release|Any CPU
		{8C680360-97C6-475A-B047-D9E52348990C}.Release|Win32.ActiveCfg = Release|Any CPU
		{49520670-73DE-4A0B-B2F4-E9FDE6BA4D2E}.Debug 1.1|Any CPU.ActiveCfg = Debug|Any CPU
		{49520670-73DE-4A0B-B2F4-E9FDE6BA4D2E}.Debug 1.1|Any CPU.Build.0 = Debug|Any CPU
		{49520670-73DE-4A0B-B2F4-E9FDE6BA4D2E}.Debug 1.1|Mixed Platforms.ActiveCfg = Debug|Any CPU
		{49520670-73DE-4A0B-B2F4-E9FDE6BA4D2E}.Debug 1.1|Mixed Platforms.Build.0 = Debug|Any CPU
		{49520670-73DE-4A0B-B2F4-E9FDE6BA4D2E}.Debug 1.1|Win32.ActiveCfg = Debug|Any CPU
		{49520670-73DE-4A0B-B2F4-E9FDE6BA4D2E}.Debug|Any CPU.ActiveCfg = Debug|Any CPU
		{49520670-73DE-4A0B-B2F4-E9FDE6BA4D2E}.Debug|Any CPU.Build.0 = Debug|Any CPU
		{49520670-73DE-4A0B-B2F4-E9FDE6BA4D2E}.Debug|Mixed Platforms.ActiveCfg = Debug|Any CPU
		{49520670-73DE-4A0B-B2F4-E9FDE6BA4D2E}.Debug|Mixed Platforms.Build.0 = Debug|Any CPU
		{49520670-73DE-4A0B-B2F4-E9FDE6BA4D2E}.Debug|Win32.ActiveCfg = Debug|Any CPU
		{49520670-73DE-4A0B-B2F4-E9FDE6BA4D2E}.Mono|Any CPU.ActiveCfg = Mono|Any CPU
		{49520670-73DE-4A0B-B2F4-E9FDE6BA4D2E}.Mono|Any CPU.Build.0 = Mono|Any CPU
		{49520670-73DE-4A0B-B2F4-E9FDE6BA4D2E}.Mono|Mixed Platforms.ActiveCfg = Mono|Any CPU
		{49520670-73DE-4A0B-B2F4-E9FDE6BA4D2E}.Mono|Mixed Platforms.Build.0 = Mono|Any CPU
		{49520670-73DE-4A0B-B2F4-E9FDE6BA4D2E}.Mono|Win32.ActiveCfg = Mono|Any CPU
		{49520670-73DE-4A0B-B2F4-E9FDE6BA4D2E}.Release 1.1|Any CPU.ActiveCfg = Release|Any CPU
		{49520670-73DE-4A0B-B2F4-E9FDE6BA4D2E}.Release 1.1|Any CPU.Build.0 = Release|Any CPU
		{49520670-73DE-4A0B-B2F4-E9FDE6BA4D2E}.Release 1.1|Mixed Platforms.ActiveCfg = Release|Any CPU
		{49520670-73DE-4A0B-B2F4-E9FDE6BA4D2E}.Release 1.1|Mixed Platforms.Build.0 = Release|Any CPU
		{49520670-73DE-4A0B-B2F4-E9FDE6BA4D2E}.Release 1.1|Win32.ActiveCfg = Release|Any CPU
		{49520670-73DE-4A0B-B2F4-E9FDE6BA4D2E}.Release|Any CPU.ActiveCfg = Release|Any CPU
		{49520670-73DE-4A0B-B2F4-E9FDE6BA4D2E}.Release|Any CPU.Build.0 = Release|Any CPU
		{49520670-73DE-4A0B-B2F4-E9FDE6BA4D2E}.Release|Mixed Platforms.ActiveCfg = Release|Any CPU
		{49520670-73DE-4A0B-B2F4-E9FDE6BA4D2E}.Release|Mixed Platforms.Build.0 = Release|Any CPU
		{49520670-73DE-4A0B-B2F4-E9FDE6BA4D2E}.Release|Win32.ActiveCfg = Release|Any CPU
		{BB9036EA-050A-4ECD-B857-CB022275A7C5}.Debug 1.1|Any CPU.ActiveCfg = Debug|Any CPU
		{BB9036EA-050A-4ECD-B857-CB022275A7C5}.Debug 1.1|Any CPU.Build.0 = Debug|Any CPU
		{BB9036EA-050A-4ECD-B857-CB022275A7C5}.Debug 1.1|Mixed Platforms.ActiveCfg = Debug|Any CPU
		{BB9036EA-050A-4ECD-B857-CB022275A7C5}.Debug 1.1|Mixed Platforms.Build.0 = Debug|Any CPU
		{BB9036EA-050A-4ECD-B857-CB022275A7C5}.Debug 1.1|Win32.ActiveCfg = Debug|Any CPU
		{BB9036EA-050A-4ECD-B857-CB022275A7C5}.Debug|Any CPU.ActiveCfg = Debug|Any CPU
		{BB9036EA-050A-4ECD-B857-CB022275A7C5}.Debug|Any CPU.Build.0 = Debug|Any CPU
		{BB9036EA-050A-4ECD-B857-CB022275A7C5}.Debug|Mixed Platforms.ActiveCfg = Debug|Any CPU
		{BB9036EA-050A-4ECD-B857-CB022275A7C5}.Debug|Mixed Platforms.Build.0 = Debug|Any CPU
		{BB9036EA-050A-4ECD-B857-CB022275A7C5}.Debug|Win32.ActiveCfg = Debug|Any CPU
		{BB9036EA-050A-4ECD-B857-CB022275A7C5}.Mono|Any CPU.ActiveCfg = Mono|Any CPU
		{BB9036EA-050A-4ECD-B857-CB022275A7C5}.Mono|Any CPU.Build.0 = Mono|Any CPU
		{BB9036EA-050A-4ECD-B857-CB022275A7C5}.Mono|Mixed Platforms.ActiveCfg = Mono|Any CPU
		{BB9036EA-050A-4ECD-B857-CB022275A7C5}.Mono|Mixed Platforms.Build.0 = Mono|Any CPU
		{BB9036EA-050A-4ECD-B857-CB022275A7C5}.Mono|Win32.ActiveCfg = Mono|Any CPU
		{BB9036EA-050A-4ECD-B857-CB022275A7C5}.Release 1.1|Any CPU.ActiveCfg = Release|Any CPU
		{BB9036EA-050A-4ECD-B857-CB022275A7C5}.Release 1.1|Any CPU.Build.0 = Release|Any CPU
		{BB9036EA-050A-4ECD-B857-CB022275A7C5}.Release 1.1|Mixed Platforms.ActiveCfg = Release|Any CPU
		{BB9036EA-050A-4ECD-B857-CB022275A7C5}.Release 1.1|Mixed Platforms.Build.0 = Release|Any CPU
		{BB9036EA-050A-4ECD-B857-CB022275A7C5}.Release 1.1|Win32.ActiveCfg = Release|Any CPU
		{BB9036EA-050A-4ECD-B857-CB022275A7C5}.Release|Any CPU.ActiveCfg = Release|Any CPU
		{BB9036EA-050A-4ECD-B857-CB022275A7C5}.Release|Any CPU.Build.0 = Release|Any CPU
		{BB9036EA-050A-4ECD-B857-CB022275A7C5}.Release|Mixed Platforms.ActiveCfg = Release|Any CPU
		{BB9036EA-050A-4ECD-B857-CB022275A7C5}.Release|Mixed Platforms.Build.0 = Release|Any CPU
		{BB9036EA-050A-4ECD-B857-CB022275A7C5}.Release|Win32.ActiveCfg = Release|Any CPU
		{B39B9FDE-DBBD-4118-85BC-48E6508FC76F}.Debug 1.1|Any CPU.ActiveCfg = Debug|Any CPU
		{B39B9FDE-DBBD-4118-85BC-48E6508FC76F}.Debug 1.1|Any CPU.Build.0 = Debug|Any CPU
		{B39B9FDE-DBBD-4118-85BC-48E6508FC76F}.Debug 1.1|Mixed Platforms.ActiveCfg = Debug|Any CPU
		{B39B9FDE-DBBD-4118-85BC-48E6508FC76F}.Debug 1.1|Mixed Platforms.Build.0 = Debug|Any CPU
		{B39B9FDE-DBBD-4118-85BC-48E6508FC76F}.Debug 1.1|Win32.ActiveCfg = Debug|Any CPU
		{B39B9FDE-DBBD-4118-85BC-48E6508FC76F}.Debug|Any CPU.ActiveCfg = Debug|Any CPU
		{B39B9FDE-DBBD-4118-85BC-48E6508FC76F}.Debug|Any CPU.Build.0 = Debug|Any CPU
		{B39B9FDE-DBBD-4118-85BC-48E6508FC76F}.Debug|Mixed Platforms.ActiveCfg = Debug|Any CPU
		{B39B9FDE-DBBD-4118-85BC-48E6508FC76F}.Debug|Mixed Platforms.Build.0 = Debug|Any CPU
		{B39B9FDE-DBBD-4118-85BC-48E6508FC76F}.Debug|Win32.ActiveCfg = Debug|Any CPU
		{B39B9FDE-DBBD-4118-85BC-48E6508FC76F}.Mono|Any CPU.ActiveCfg = Mono|Any CPU
		{B39B9FDE-DBBD-4118-85BC-48E6508FC76F}.Mono|Any CPU.Build.0 = Mono|Any CPU
		{B39B9FDE-DBBD-4118-85BC-48E6508FC76F}.Mono|Mixed Platforms.ActiveCfg = Mono|Any CPU
		{B39B9FDE-DBBD-4118-85BC-48E6508FC76F}.Mono|Mixed Platforms.Build.0 = Mono|Any CPU
		{B39B9FDE-DBBD-4118-85BC-48E6508FC76F}.Mono|Win32.ActiveCfg = Mono|Any CPU
		{B39B9FDE-DBBD-4118-85BC-48E6508FC76F}.Release 1.1|Any CPU.ActiveCfg = Release|Any CPU
		{B39B9FDE-DBBD-4118-85BC-48E6508FC76F}.Release 1.1|Any CPU.Build.0 = Release|Any CPU
		{B39B9FDE-DBBD-4118-85BC-48E6508FC76F}.Release 1.1|Mixed Platforms.ActiveCfg = Release|Any CPU
		{B39B9FDE-DBBD-4118-85BC-48E6508FC76F}.Release 1.1|Mixed Platforms.Build.0 = Release|Any CPU
		{B39B9FDE-DBBD-4118-85BC-48E6508FC76F}.Release 1.1|Win32.ActiveCfg = Release|Any CPU
		{B39B9FDE-DBBD-4118-85BC-48E6508FC76F}.Release|Any CPU.ActiveCfg = Release|Any CPU
		{B39B9FDE-DBBD-4118-85BC-48E6508FC76F}.Release|Any CPU.Build.0 = Release|Any CPU
		{B39B9FDE-DBBD-4118-85BC-48E6508FC76F}.Release|Mixed Platforms.ActiveCfg = Release|Any CPU
		{B39B9FDE-DBBD-4118-85BC-48E6508FC76F}.Release|Mixed Platforms.Build.0 = Release|Any CPU
		{B39B9FDE-DBBD-4118-85BC-48E6508FC76F}.Release|Win32.ActiveCfg = Release|Any CPU
		{FF53C076-410E-410D-BDCF-38003C2D12A0}.Debug 1.1|Any CPU.ActiveCfg = Debug|Any CPU
		{FF53C076-410E-410D-BDCF-38003C2D12A0}.Debug 1.1|Any CPU.Build.0 = Debug|Any CPU
		{FF53C076-410E-410D-BDCF-38003C2D12A0}.Debug 1.1|Mixed Platforms.ActiveCfg = Debug|Any CPU
		{FF53C076-410E-410D-BDCF-38003C2D12A0}.Debug 1.1|Mixed Platforms.Build.0 = Debug|Any CPU
		{FF53C076-410E-410D-BDCF-38003C2D12A0}.Debug 1.1|Win32.ActiveCfg = Debug|Any CPU
		{FF53C076-410E-410D-BDCF-38003C2D12A0}.Debug|Any CPU.ActiveCfg = Debug|Any CPU
		{FF53C076-410E-410D-BDCF-38003C2D12A0}.Debug|Any CPU.Build.0 = Debug|Any CPU
		{FF53C076-410E-410D-BDCF-38003C2D12A0}.Debug|Mixed Platforms.ActiveCfg = Debug|Any CPU
		{FF53C076-410E-410D-BDCF-38003C2D12A0}.Debug|Mixed Platforms.Build.0 = Debug|Any CPU
		{FF53C076-410E-410D-BDCF-38003C2D12A0}.Debug|Win32.ActiveCfg = Debug|Any CPU
		{FF53C076-410E-410D-BDCF-38003C2D12A0}.Mono|Any CPU.ActiveCfg = Mono|Any CPU
		{FF53C076-410E-410D-BDCF-38003C2D12A0}.Mono|Any CPU.Build.0 = Mono|Any CPU
		{FF53C076-410E-410D-BDCF-38003C2D12A0}.Mono|Mixed Platforms.ActiveCfg = Mono|Any CPU
		{FF53C076-410E-410D-BDCF-38003C2D12A0}.Mono|Mixed Platforms.Build.0 = Mono|Any CPU
		{FF53C076-410E-410D-BDCF-38003C2D12A0}.Mono|Win32.ActiveCfg = Mono|Any CPU
		{FF53C076-410E-410D-BDCF-38003C2D12A0}.Release 1.1|Any CPU.ActiveCfg = Release|Any CPU
		{FF53C076-410E-410D-BDCF-38003C2D12A0}.Release 1.1|Any CPU.Build.0 = Release|Any CPU
		{FF53C076-410E-410D-BDCF-38003C2D12A0}.Release 1.1|Mixed Platforms.ActiveCfg = Release|Any CPU
		{FF53C076-410E-410D-BDCF-38003C2D12A0}.Release 1.1|Mixed Platforms.Build.0 = Release|Any CPU
		{FF53C076-410E-410D-BDCF-38003C2D12A0}.Release 1.1|Win32.ActiveCfg = Release|Any CPU
		{FF53C076-410E-410D-BDCF-38003C2D12A0}.Release|Any CPU.ActiveCfg = Release|Any CPU
		{FF53C076-410E-410D-BDCF-38003C2D12A0}.Release|Any CPU.Build.0 = Release|Any CPU
		{FF53C076-410E-410D-BDCF-38003C2D12A0}.Release|Mixed Platforms.ActiveCfg = Release|Any CPU
		{FF53C076-410E-410D-BDCF-38003C2D12A0}.Release|Mixed Platforms.Build.0 = Release|Any CPU
		{FF53C076-410E-410D-BDCF-38003C2D12A0}.Release|Win32.ActiveCfg = Release|Any CPU
	EndGlobalSection
	GlobalSection(SolutionProperties) = preSolution
		HideSolutionNode = FALSE
	EndGlobalSection
EndGlobal
