
Microsoft Visual Studio Solution File, Format Version 9.00
# Visual Studio 2005
Project("{8BC9CEB8-8B4A-11D0-8D11-00A0C91BC942}") = "pMarsSDL", "pMarsSDL.vcproj", "{8F4CD545-0C95-462A-9798-A511739F84C8}"
EndProject
Project("{8BC9CEB8-8B4A-11D0-8D11-00A0C91BC942}") = "pMarsConsole", "pMarsConsole.vcproj", "{49874D75-9D93-4EDA-A0A4-001B2E080778}"
EndProject
Project("{8BC9CEB8-8B4A-11D0-8D11-00A0C91BC942}") = "pMarsDll", "pMarsDll.vcproj", "{4D589993-9F4B-407E-B0F7-604A456FBC9F}"
EndProject
Global
	GlobalSection(SolutionConfigurationPlatforms) = preSolution
		Debug|Win32 = Debug|Win32
		Release|Win32 = Release|Win32
	EndGlobalSection
	GlobalSection(ProjectConfigurationPlatforms) = postSolution
		{8F4CD545-0C95-462A-9798-A511739F84C8}.Debug|Win32.ActiveCfg = Debug|Win32
		{8F4CD545-0C95-462A-9798-A511739F84C8}.Debug|Win32.Build.0 = Debug|Win32
		{8F4CD545-0C95-462A-9798-A511739F84C8}.Release|Win32.ActiveCfg = Release|Win32
		{8F4CD545-0C95-462A-9798-A511739F84C8}.Release|Win32.Build.0 = Release|Win32
		{49874D75-9D93-4EDA-A0A4-001B2E080778}.Debug|Win32.ActiveCfg = Debug|Win32
		{49874D75-9D93-4EDA-A0A4-001B2E080778}.Debug|Win32.Build.0 = Debug|Win32
		{49874D75-9D93-4EDA-A0A4-001B2E080778}.Release|Win32.ActiveCfg = Release|Win32
		{49874D75-9D93-4EDA-A0A4-001B2E080778}.Release|Win32.Build.0 = Release|Win32
		{4D589993-9F4B-407E-B0F7-604A456FBC9F}.Debug|Win32.ActiveCfg = Debug|Win32
		{4D589993-9F4B-407E-B0F7-604A456FBC9F}.Debug|Win32.Build.0 = Debug|Win32
		{4D589993-9F4B-407E-B0F7-604A456FBC9F}.Release|Win32.ActiveCfg = Release|Win32
		{4D589993-9F4B-407E-B0F7-604A456FBC9F}.Release|Win32.Build.0 = Release|Win32
	EndGlobalSection
	GlobalSection(SolutionProperties) = preSolution
		HideSolutionNode = FALSE
	EndGlobalSection
EndGlobal
